// !$*UTF8*$!
{
	archiveVersion = 1;
	classes = {
	};
	objectVersion = 77;
	objects = {

/* Begin PBXBuildFile section */
		04769AF24E5670F5A628D811 /* ClipboardItem.swift in Sources */ = {isa = PBXBuildFile; fileRef = 59995DCA4628743D59C35FFA /* ClipboardItem.swift */; };
		35B2B78C88F753B2D19BB929 /* PanelController.swift in Sources */ = {isa = PBXBuildFile; fileRef = E7A89B1626914331B041874D /* PanelController.swift */; };
		4A72AB5E7A1E848B071EFD98 /* LaunchAtLogin in Frameworks */ = {isa = PBXBuildFile; productRef = B33BB73FF430F4D698304521 /* LaunchAtLogin */; };
		5EEA1FE776D677FEEA3A0C62 /* PastelApp.swift in Sources */ = {isa = PBXBuildFile; fileRef = 3C93A57CFC2C8E44180B970A /* PastelApp.swift */; };
		61787566D6E9AF8D7887C7A4 /* SlidingPanel.swift in Sources */ = {isa = PBXBuildFile; fileRef = D83722A01CB31BC92398C942 /* SlidingPanel.swift */; };
		61FC3644E015576CBEB288A7 /* StatusPopoverView.swift in Sources */ = {isa = PBXBuildFile; fileRef = 71138AD30E90615916853DD4 /* StatusPopoverView.swift */; };
		8557CEFECB6460592724EA0E /* NSImage+Thumbnail.swift in Sources */ = {isa = PBXBuildFile; fileRef = A6234E0274B828B16C2A57EA /* NSImage+Thumbnail.swift */; };
		97E8C96C50161A63AB0B871C /* PanelContentView.swift in Sources */ = {isa = PBXBuildFile; fileRef = A5FEF0FE3AC5B3076726EAEB /* PanelContentView.swift */; };
		B0CFC974AD1AC32A0A15644C /* ContentType.swift in Sources */ = {isa = PBXBuildFile; fileRef = 2A06BBF36C8BBCBBB40C2522 /* ContentType.swift */; };
		B2B95FF2ABFFE29D25EAD8D0 /* ImageStorageService.swift in Sources */ = {isa = PBXBuildFile; fileRef = C04A5F38AA6B90C3CB6FCF12 /* ImageStorageService.swift */; };
		B936EBEE374527897FA897DE /* KeyboardShortcuts in Frameworks */ = {isa = PBXBuildFile; productRef = A9A03DD46B1694F403E4ACF4 /* KeyboardShortcuts */; };
		CE6733C3046F0F2A6AB00505 /* ExpirationService.swift in Sources */ = {isa = PBXBuildFile; fileRef = 5C923EFB4B78ABBB1E920841 /* ExpirationService.swift */; };
		D3022838FBC0C60D3B9FBCC9 /* Assets.xcassets in Resources */ = {isa = PBXBuildFile; fileRef = 7CA38A9FD4344A6EBC84615B /* Assets.xcassets */; };
		D784DF24180305D270E7DDED /* AppState.swift in Sources */ = {isa = PBXBuildFile; fileRef = 595BAEC04C890C9BF73C4F5D /* AppState.swift */; };
		DDCF0FD1BB56BC1907EBF1D3 /* NSPasteboard+Reading.swift in Sources */ = {isa = PBXBuildFile; fileRef = 1317D22929AB0FAE7702656B /* NSPasteboard+Reading.swift */; };
		FF2C5CE75C36A126A3782DF2 /* ClipboardMonitor.swift in Sources */ = {isa = PBXBuildFile; fileRef = 03E82EAEFFC6D30098BC07E9 /* ClipboardMonitor.swift */; };
/* End PBXBuildFile section */

/* Begin PBXFileReference section */
		03E82EAEFFC6D30098BC07E9 /* ClipboardMonitor.swift */ = {isa = PBXFileReference; lastKnownFileType = sourcecode.swift; path = ClipboardMonitor.swift; sourceTree = "<group>"; };
		1317D22929AB0FAE7702656B /* NSPasteboard+Reading.swift */ = {isa = PBXFileReference; lastKnownFileType = sourcecode.swift; path = "NSPasteboard+Reading.swift"; sourceTree = "<group>"; };
		2552B517F7D234BBB9E3FB05 /* Pastel.app */ = {isa = PBXFileReference; explicitFileType = wrapper.application; includeInIndex = 0; path = Pastel.app; sourceTree = BUILT_PRODUCTS_DIR; };
		2A06BBF36C8BBCBBB40C2522 /* ContentType.swift */ = {isa = PBXFileReference; lastKnownFileType = sourcecode.swift; path = ContentType.swift; sourceTree = "<group>"; };
		3C93A57CFC2C8E44180B970A /* PastelApp.swift */ = {isa = PBXFileReference; lastKnownFileType = sourcecode.swift; path = PastelApp.swift; sourceTree = "<group>"; };
		595BAEC04C890C9BF73C4F5D /* AppState.swift */ = {isa = PBXFileReference; lastKnownFileType = sourcecode.swift; path = AppState.swift; sourceTree = "<group>"; };
		59995DCA4628743D59C35FFA /* ClipboardItem.swift */ = {isa = PBXFileReference; lastKnownFileType = sourcecode.swift; path = ClipboardItem.swift; sourceTree = "<group>"; };
		5C923EFB4B78ABBB1E920841 /* ExpirationService.swift */ = {isa = PBXFileReference; lastKnownFileType = sourcecode.swift; path = ExpirationService.swift; sourceTree = "<group>"; };
		71138AD30E90615916853DD4 /* StatusPopoverView.swift */ = {isa = PBXFileReference; lastKnownFileType = sourcecode.swift; path = StatusPopoverView.swift; sourceTree = "<group>"; };
		7B6FC5171BA6D8C3F714E834 /* Info.plist */ = {isa = PBXFileReference; lastKnownFileType = text.plist; path = Info.plist; sourceTree = "<group>"; };
		7CA38A9FD4344A6EBC84615B /* Assets.xcassets */ = {isa = PBXFileReference; lastKnownFileType = folder.assetcatalog; path = Assets.xcassets; sourceTree = "<group>"; };
		A5FEF0FE3AC5B3076726EAEB /* PanelContentView.swift */ = {isa = PBXFileReference; lastKnownFileType = sourcecode.swift; path = PanelContentView.swift; sourceTree = "<group>"; };
		A6234E0274B828B16C2A57EA /* NSImage+Thumbnail.swift */ = {isa = PBXFileReference; lastKnownFileType = sourcecode.swift; path = "NSImage+Thumbnail.swift"; sourceTree = "<group>"; };
		C04A5F38AA6B90C3CB6FCF12 /* ImageStorageService.swift */ = {isa = PBXFileReference; lastKnownFileType = sourcecode.swift; path = ImageStorageService.swift; sourceTree = "<group>"; };
		D83722A01CB31BC92398C942 /* SlidingPanel.swift */ = {isa = PBXFileReference; lastKnownFileType = sourcecode.swift; path = SlidingPanel.swift; sourceTree = "<group>"; };
		DACD70AAF6888EBA275AC2BE /* Pastel.entitlements */ = {isa = PBXFileReference; lastKnownFileType = text.plist.entitlements; path = Pastel.entitlements; sourceTree = "<group>"; };
		E7A89B1626914331B041874D /* PanelController.swift */ = {isa = PBXFileReference; lastKnownFileType = sourcecode.swift; path = PanelController.swift; sourceTree = "<group>"; };
/* End PBXFileReference section */

/* Begin PBXFrameworksBuildPhase section */
		23E0D0C9A555E2CDA93BE9F8 /* Frameworks */ = {
			isa = PBXFrameworksBuildPhase;
			buildActionMask = 2147483647;
			files = (
				B936EBEE374527897FA897DE /* KeyboardShortcuts in Frameworks */,
				4A72AB5E7A1E848B071EFD98 /* LaunchAtLogin in Frameworks */,
			);
			runOnlyForDeploymentPostprocessing = 0;
		};
/* End PBXFrameworksBuildPhase section */

/* Begin PBXGroup section */
		1BF3AC637CA16B404F16B997 /* Extensions */ = {
			isa = PBXGroup;
			children = (
				A6234E0274B828B16C2A57EA /* NSImage+Thumbnail.swift */,
				1317D22929AB0FAE7702656B /* NSPasteboard+Reading.swift */,
			);
			path = Extensions;
			sourceTree = "<group>";
		};
		30EED9749D37C7494D15472B /* App */ = {
			isa = PBXGroup;
			children = (
				595BAEC04C890C9BF73C4F5D /* AppState.swift */,
			);
			path = App;
			sourceTree = "<group>";
		};
		3809518B1666FC84229BE661 /* Views */ = {
			isa = PBXGroup;
			children = (
				EF7C09501060152172C163BE /* MenuBar */,
				9940209CA2508F6CCD37AC84 /* Panel */,
			);
			path = Views;
			sourceTree = "<group>";
		};
		53D19856B37F2D8570BF9454 /* Products */ = {
			isa = PBXGroup;
			children = (
				2552B517F7D234BBB9E3FB05 /* Pastel.app */,
			);
			name = Products;
			sourceTree = "<group>";
		};
		6E55F44C11228E5D5024D642 /* Models */ = {
			isa = PBXGroup;
			children = (
				59995DCA4628743D59C35FFA /* ClipboardItem.swift */,
				2A06BBF36C8BBCBBB40C2522 /* ContentType.swift */,
			);
			path = Models;
			sourceTree = "<group>";
		};
		79641C962CBFF8232A9CA01F /* Services */ = {
			isa = PBXGroup;
			children = (
				03E82EAEFFC6D30098BC07E9 /* ClipboardMonitor.swift */,
				5C923EFB4B78ABBB1E920841 /* ExpirationService.swift */,
				C04A5F38AA6B90C3CB6FCF12 /* ImageStorageService.swift */,
			);
			path = Services;
			sourceTree = "<group>";
		};
		83FDC90341B64E538871412F = {
			isa = PBXGroup;
			children = (
				BEFAA58F39B09CC1253CF29E /* Pastel */,
				53D19856B37F2D8570BF9454 /* Products */,
			);
			sourceTree = "<group>";
		};
		9940209CA2508F6CCD37AC84 /* Panel */ = {
			isa = PBXGroup;
			children = (
				A5FEF0FE3AC5B3076726EAEB /* PanelContentView.swift */,
				E7A89B1626914331B041874D /* PanelController.swift */,
				D83722A01CB31BC92398C942 /* SlidingPanel.swift */,
			);
			path = Panel;
			sourceTree = "<group>";
		};
		BEFAA58F39B09CC1253CF29E /* Pastel */ = {
			isa = PBXGroup;
			children = (
				3C93A57CFC2C8E44180B970A /* PastelApp.swift */,
				30EED9749D37C7494D15472B /* App */,
				1BF3AC637CA16B404F16B997 /* Extensions */,
				6E55F44C11228E5D5024D642 /* Models */,
				E4B1817BA76CB1FB621B6ABE /* Resources */,
				79641C962CBFF8232A9CA01F /* Services */,
				3809518B1666FC84229BE661 /* Views */,
			);
			path = Pastel;
			sourceTree = "<group>";
		};
		E4B1817BA76CB1FB621B6ABE /* Resources */ = {
			isa = PBXGroup;
			children = (
				7CA38A9FD4344A6EBC84615B /* Assets.xcassets */,
				7B6FC5171BA6D8C3F714E834 /* Info.plist */,
				DACD70AAF6888EBA275AC2BE /* Pastel.entitlements */,
			);
			path = Resources;
			sourceTree = "<group>";
		};
		EF7C09501060152172C163BE /* MenuBar */ = {
			isa = PBXGroup;
			children = (
				71138AD30E90615916853DD4 /* StatusPopoverView.swift */,
			);
			path = MenuBar;
			sourceTree = "<group>";
		};
/* End PBXGroup section */

/* Begin PBXNativeTarget section */
		8EBF09BA40104D6CB43A961F /* Pastel */ = {
			isa = PBXNativeTarget;
			buildConfigurationList = 2A8FEF64CF15070A564B8B5E /* Build configuration list for PBXNativeTarget "Pastel" */;
			buildPhases = (
				CFC9BE05F2B5543679DC7E52 /* Sources */,
				8F8F46F73644967BE391FF51 /* Resources */,
				23E0D0C9A555E2CDA93BE9F8 /* Frameworks */,
			);
			buildRules = (
			);
			dependencies = (
			);
			name = Pastel;
			packageProductDependencies = (
				A9A03DD46B1694F403E4ACF4 /* KeyboardShortcuts */,
				B33BB73FF430F4D698304521 /* LaunchAtLogin */,
			);
			productName = Pastel;
			productReference = 2552B517F7D234BBB9E3FB05 /* Pastel.app */;
			productType = "com.apple.product-type.application";
		};
/* End PBXNativeTarget section */

/* Begin PBXProject section */
		335F9FED3D4CC60DE265A1A5 /* Project object */ = {
			isa = PBXProject;
			attributes = {
				BuildIndependentTargetsInParallel = YES;
				LastUpgradeCheck = 1600;
			};
			buildConfigurationList = 5A8B1C26A723555E9D7D5F1F /* Build configuration list for PBXProject "Pastel" */;
			compatibilityVersion = "Xcode 14.0";
			developmentRegion = en;
			hasScannedForEncodings = 0;
			knownRegions = (
				Base,
				en,
			);
			mainGroup = 83FDC90341B64E538871412F;
			minimizedProjectReferenceProxies = 1;
			packageReferences = (
				6D088F3E7D49E387347AE545 /* XCRemoteSwiftPackageReference "KeyboardShortcuts" */,
				B8552B06DA78E00BFB0CFA7A /* XCRemoteSwiftPackageReference "LaunchAtLogin-Modern" */,
			);
			preferredProjectObjectVersion = 77;
			projectDirPath = "";
			projectRoot = "";
			targets = (
				8EBF09BA40104D6CB43A961F /* Pastel */,
			);
		};
/* End PBXProject section */

/* Begin PBXResourcesBuildPhase section */
		8F8F46F73644967BE391FF51 /* Resources */ = {
			isa = PBXResourcesBuildPhase;
			buildActionMask = 2147483647;
			files = (
				D3022838FBC0C60D3B9FBCC9 /* Assets.xcassets in Resources */,
			);
			runOnlyForDeploymentPostprocessing = 0;
		};
/* End PBXResourcesBuildPhase section */

/* Begin PBXSourcesBuildPhase section */
		CFC9BE05F2B5543679DC7E52 /* Sources */ = {
			isa = PBXSourcesBuildPhase;
			buildActionMask = 2147483647;
			files = (
				D784DF24180305D270E7DDED /* AppState.swift in Sources */,
				04769AF24E5670F5A628D811 /* ClipboardItem.swift in Sources */,
				FF2C5CE75C36A126A3782DF2 /* ClipboardMonitor.swift in Sources */,
				B0CFC974AD1AC32A0A15644C /* ContentType.swift in Sources */,
				CE6733C3046F0F2A6AB00505 /* ExpirationService.swift in Sources */,
				B2B95FF2ABFFE29D25EAD8D0 /* ImageStorageService.swift in Sources */,
				8557CEFECB6460592724EA0E /* NSImage+Thumbnail.swift in Sources */,
				DDCF0FD1BB56BC1907EBF1D3 /* NSPasteboard+Reading.swift in Sources */,
				97E8C96C50161A63AB0B871C /* PanelContentView.swift in Sources */,
				35B2B78C88F753B2D19BB929 /* PanelController.swift in Sources */,
				5EEA1FE776D677FEEA3A0C62 /* PastelApp.swift in Sources */,
				61787566D6E9AF8D7887C7A4 /* SlidingPanel.swift in Sources */,
				61FC3644E015576CBEB288A7 /* StatusPopoverView.swift in Sources */,
			);
			runOnlyForDeploymentPostprocessing = 0;
		};
/* End PBXSourcesBuildPhase section */

/* Begin XCBuildConfiguration section */
		0BFB465F711782BF6D39DE09 /* Release */ = {
			isa = XCBuildConfiguration;
			buildSettings = {
				ASSETCATALOG_COMPILER_APPICON_NAME = AppIcon;
				CODE_SIGN_ENTITLEMENTS = Pastel/Resources/Pastel.entitlements;
				CODE_SIGN_IDENTITY = "-";
				COMBINE_HIDPI_IMAGES = YES;
				CURRENT_PROJECT_VERSION = 1;
				ENABLE_USER_SCRIPT_SANDBOXING = NO;
				GENERATE_INFOPLIST_FILE = NO;
				INFOPLIST_FILE = Pastel/Resources/Info.plist;
				LD_RUNPATH_SEARCH_PATHS = (
					"$(inherited)",
					"@executable_path/../Frameworks",
				);
				MARKETING_VERSION = 0.1.0;
				PRODUCT_BUNDLE_IDENTIFIER = app.pastel.Pastel;
				SDKROOT = macosx;
				SWIFT_VERSION = 6.0;
			};
			name = Release;
		};
		469C31C43047930E08E6A6BA /* Release */ = {
			isa = XCBuildConfiguration;
			buildSettings = {
				ALWAYS_SEARCH_USER_PATHS = NO;
				CLANG_ANALYZER_NONNULL = YES;
				CLANG_ANALYZER_NUMBER_OBJECT_CONVERSION = YES_AGGRESSIVE;
				CLANG_CXX_LANGUAGE_STANDARD = "gnu++14";
				CLANG_CXX_LIBRARY = "libc++";
				CLANG_ENABLE_MODULES = YES;
				CLANG_ENABLE_OBJC_ARC = YES;
				CLANG_ENABLE_OBJC_WEAK = YES;
				CLANG_WARN_BLOCK_CAPTURE_AUTORELEASING = YES;
				CLANG_WARN_BOOL_CONVERSION = YES;
				CLANG_WARN_COMMA = YES;
				CLANG_WARN_CONSTANT_CONVERSION = YES;
				CLANG_WARN_DEPRECATED_OBJC_IMPLEMENTATIONS = YES;
				CLANG_WARN_DIRECT_OBJC_ISA_USAGE = YES_ERROR;
				CLANG_WARN_DOCUMENTATION_COMMENTS = YES;
				CLANG_WARN_EMPTY_BODY = YES;
				CLANG_WARN_ENUM_CONVERSION = YES;
				CLANG_WARN_INFINITE_RECURSION = YES;
				CLANG_WARN_INT_CONVERSION = YES;
				CLANG_WARN_NON_LITERAL_NULL_CONVERSION = YES;
				CLANG_WARN_OBJC_IMPLICIT_RETAIN_SELF = YES;
				CLANG_WARN_OBJC_LITERAL_CONVERSION = YES;
				CLANG_WARN_OBJC_ROOT_CLASS = YES_ERROR;
				CLANG_WARN_QUOTED_INCLUDE_IN_FRAMEWORK_HEADER = YES;
				CLANG_WARN_RANGE_LOOP_ANALYSIS = YES;
				CLANG_WARN_STRICT_PROTOTYPES = YES;
				CLANG_WARN_SUSPICIOUS_MOVE = YES;
				CLANG_WARN_UNGUARDED_AVAILABILITY = YES_AGGRESSIVE;
				CLANG_WARN_UNREACHABLE_CODE = YES;
				CLANG_WARN__DUPLICATE_METHOD_MATCH = YES;
				COPY_PHASE_STRIP = NO;
				DEBUG_INFORMATION_FORMAT = "dwarf-with-dsym";
				ENABLE_NS_ASSERTIONS = NO;
				ENABLE_STRICT_OBJC_MSGSEND = YES;
				GCC_C_LANGUAGE_STANDARD = gnu11;
				GCC_NO_COMMON_BLOCKS = YES;
				GCC_WARN_64_TO_32_BIT_CONVERSION = YES;
				GCC_WARN_ABOUT_RETURN_TYPE = YES_ERROR;
				GCC_WARN_UNDECLARED_SELECTOR = YES;
				GCC_WARN_UNINITIALIZED_AUTOS = YES_AGGRESSIVE;
				GCC_WARN_UNUSED_FUNCTION = YES;
				GCC_WARN_UNUSED_VARIABLE = YES;
				MACOSX_DEPLOYMENT_TARGET = 14.0;
				MTL_ENABLE_DEBUG_INFO = NO;
				MTL_FAST_MATH = YES;
				PRODUCT_NAME = "$(TARGET_NAME)";
				SDKROOT = macosx;
				SWIFT_COMPILATION_MODE = wholemodule;
				SWIFT_OPTIMIZATION_LEVEL = "-O";
				SWIFT_VERSION = 5.0;
			};
			name = Release;
		};
		4D34B74F36CB3664F9B31D03 /* Debug */ = {
			isa = XCBuildConfiguration;
			buildSettings = {
				ASSETCATALOG_COMPILER_APPICON_NAME = AppIcon;
				CODE_SIGN_ENTITLEMENTS = Pastel/Resources/Pastel.entitlements;
				CODE_SIGN_IDENTITY = "-";
				COMBINE_HIDPI_IMAGES = YES;
				CURRENT_PROJECT_VERSION = 1;
				ENABLE_USER_SCRIPT_SANDBOXING = NO;
				GENERATE_INFOPLIST_FILE = NO;
				INFOPLIST_FILE = Pastel/Resources/Info.plist;
				LD_RUNPATH_SEARCH_PATHS = (
					"$(inherited)",
					"@executable_path/../Frameworks",
				);
				MARKETING_VERSION = 0.1.0;
				PRODUCT_BUNDLE_IDENTIFIER = app.pastel.Pastel;
				SDKROOT = macosx;
				SWIFT_VERSION = 6.0;
			};
			name = Debug;
		};
		BC576749034C8B29EE3A8D58 /* Debug */ = {
			isa = XCBuildConfiguration;
			buildSettings = {
				ALWAYS_SEARCH_USER_PATHS = NO;
				CLANG_ANALYZER_NONNULL = YES;
				CLANG_ANALYZER_NUMBER_OBJECT_CONVERSION = YES_AGGRESSIVE;
				CLANG_CXX_LANGUAGE_STANDARD = "gnu++14";
				CLANG_CXX_LIBRARY = "libc++";
				CLANG_ENABLE_MODULES = YES;
				CLANG_ENABLE_OBJC_ARC = YES;
				CLANG_ENABLE_OBJC_WEAK = YES;
				CLANG_WARN_BLOCK_CAPTURE_AUTORELEASING = YES;
				CLANG_WARN_BOOL_CONVERSION = YES;
				CLANG_WARN_COMMA = YES;
				CLANG_WARN_CONSTANT_CONVERSION = YES;
				CLANG_WARN_DEPRECATED_OBJC_IMPLEMENTATIONS = YES;
				CLANG_WARN_DIRECT_OBJC_ISA_USAGE = YES_ERROR;
				CLANG_WARN_DOCUMENTATION_COMMENTS = YES;
				CLANG_WARN_EMPTY_BODY = YES;
				CLANG_WARN_ENUM_CONVERSION = YES;
				CLANG_WARN_INFINITE_RECURSION = YES;
				CLANG_WARN_INT_CONVERSION = YES;
				CLANG_WARN_NON_LITERAL_NULL_CONVERSION = YES;
				CLANG_WARN_OBJC_IMPLICIT_RETAIN_SELF = YES;
				CLANG_WARN_OBJC_LITERAL_CONVERSION = YES;
				CLANG_WARN_OBJC_ROOT_CLASS = YES_ERROR;
				CLANG_WARN_QUOTED_INCLUDE_IN_FRAMEWORK_HEADER = YES;
				CLANG_WARN_RANGE_LOOP_ANALYSIS = YES;
				CLANG_WARN_STRICT_PROTOTYPES = YES;
				CLANG_WARN_SUSPICIOUS_MOVE = YES;
				CLANG_WARN_UNGUARDED_AVAILABILITY = YES_AGGRESSIVE;
				CLANG_WARN_UNREACHABLE_CODE = YES;
				CLANG_WARN__DUPLICATE_METHOD_MATCH = YES;
				COPY_PHASE_STRIP = NO;
				DEBUG_INFORMATION_FORMAT = dwarf;
				ENABLE_STRICT_OBJC_MSGSEND = YES;
				ENABLE_TESTABILITY = YES;
				GCC_C_LANGUAGE_STANDARD = gnu11;
				GCC_DYNAMIC_NO_PIC = NO;
				GCC_NO_COMMON_BLOCKS = YES;
				GCC_OPTIMIZATION_LEVEL = 0;
				GCC_PREPROCESSOR_DEFINITIONS = (
					"$(inherited)",
					"DEBUG=1",
				);
				GCC_WARN_64_TO_32_BIT_CONVERSION = YES;
				GCC_WARN_ABOUT_RETURN_TYPE = YES_ERROR;
				GCC_WARN_UNDECLARED_SELECTOR = YES;
				GCC_WARN_UNINITIALIZED_AUTOS = YES_AGGRESSIVE;
				GCC_WARN_UNUSED_FUNCTION = YES;
				GCC_WARN_UNUSED_VARIABLE = YES;
				MACOSX_DEPLOYMENT_TARGET = 14.0;
				MTL_ENABLE_DEBUG_INFO = INCLUDE_SOURCE;
				MTL_FAST_MATH = YES;
				ONLY_ACTIVE_ARCH = YES;
				PRODUCT_NAME = "$(TARGET_NAME)";
				SDKROOT = macosx;
				SWIFT_ACTIVE_COMPILATION_CONDITIONS = DEBUG;
				SWIFT_OPTIMIZATION_LEVEL = "-Onone";
				SWIFT_VERSION = 5.0;
			};
			name = Debug;
		};
/* End XCBuildConfiguration section */

/* Begin XCConfigurationList section */
		2A8FEF64CF15070A564B8B5E /* Build configuration list for PBXNativeTarget "Pastel" */ = {
			isa = XCConfigurationList;
			buildConfigurations = (
				4D34B74F36CB3664F9B31D03 /* Debug */,
				0BFB465F711782BF6D39DE09 /* Release */,
			);
			defaultConfigurationIsVisible = 0;
			defaultConfigurationName = Debug;
		};
		5A8B1C26A723555E9D7D5F1F /* Build configuration list for PBXProject "Pastel" */ = {
			isa = XCConfigurationList;
			buildConfigurations = (
				BC576749034C8B29EE3A8D58 /* Debug */,
				469C31C43047930E08E6A6BA /* Release */,
			);
			defaultConfigurationIsVisible = 0;
			defaultConfigurationName = Debug;
		};
/* End XCConfigurationList section */

/* Begin XCRemoteSwiftPackageReference section */
		6D088F3E7D49E387347AE545 /* XCRemoteSwiftPackageReference "KeyboardShortcuts" */ = {
			isa = XCRemoteSwiftPackageReference;
			repositoryURL = "https://github.com/sindresorhus/KeyboardShortcuts";
			requirement = {
				kind = upToNextMajorVersion;
				minimumVersion = 2.4.0;
			};
		};
		B8552B06DA78E00BFB0CFA7A /* XCRemoteSwiftPackageReference "LaunchAtLogin-Modern" */ = {
			isa = XCRemoteSwiftPackageReference;
			repositoryURL = "https://github.com/sindresorhus/LaunchAtLogin-Modern";
			requirement = {
				kind = upToNextMajorVersion;
				minimumVersion = 1.1.0;
			};
		};
/* End XCRemoteSwiftPackageReference section */

/* Begin XCSwiftPackageProductDependency section */
		A9A03DD46B1694F403E4ACF4 /* KeyboardShortcuts */ = {
			isa = XCSwiftPackageProductDependency;
			package = 6D088F3E7D49E387347AE545 /* XCRemoteSwiftPackageReference "KeyboardShortcuts" */;
			productName = KeyboardShortcuts;
		};
		B33BB73FF430F4D698304521 /* LaunchAtLogin */ = {
			isa = XCSwiftPackageProductDependency;
			package = B8552B06DA78E00BFB0CFA7A /* XCRemoteSwiftPackageReference "LaunchAtLogin-Modern" */;
			productName = LaunchAtLogin;
		};
/* End XCSwiftPackageProductDependency section */
	};
	rootObject = 335F9FED3D4CC60DE265A1A5 /* Project object */;
}
