// !$*UTF8*$!
{
	archiveVersion = 1;
	classes = {
	};
	objectVersion = 63;
	objects = {

/* Begin PBXBuildFile section */
		04769AF24E5670F5A628D811 /* ClipboardItem.swift in Sources */ = {isa = PBXBuildFile; fileRef = 59995DCA4628743D59C35FFA /* ClipboardItem.swift */; };
		0718766F684C890B0D3CC008 /* LabelColor.swift in Sources */ = {isa = PBXBuildFile; fileRef = 61A1A38C2FA151019789426E /* LabelColor.swift */; };
		0E86EEAF47C438D35E602BE4 /* AccessibilityPromptView.swift in Sources */ = {isa = PBXBuildFile; fileRef = 1291C4BDF0D13A50048E2CAE /* AccessibilityPromptView.swift */; };
		1B8747A27E4A24B8EC0C06E2 /* SettingsWindowController.swift in Sources */ = {isa = PBXBuildFile; fileRef = F55BB63384017CEF138AB5BA /* SettingsWindowController.swift */; };
		1FF817C58BBCAC1F6A6DA2DD /* AsyncThumbnailView.swift in Sources */ = {isa = PBXBuildFile; fileRef = D9D50320FC5B6099D7C6B668 /* AsyncThumbnailView.swift */; };
		2103A21B8C8E7C2FCD20019E /* RetentionService.swift in Sources */ = {isa = PBXBuildFile; fileRef = ADA2DA3D25FB59CE37228411 /* RetentionService.swift */; };
		35B2B78C88F753B2D19BB929 /* PanelController.swift in Sources */ = {isa = PBXBuildFile; fileRef = E7A89B1626914331B041874D /* PanelController.swift */; };
		3ADFAC504957D459F381AFB2 /* TextCardView.swift in Sources */ = {isa = PBXBuildFile; fileRef = E7628FEB0B879CD6BCCD59F6 /* TextCardView.swift */; };
		3E3278B3308A5ABB2B39E74B /* GeneralSettingsView.swift in Sources */ = {isa = PBXBuildFile; fileRef = 9740741415D5FC006330A2D0 /* GeneralSettingsView.swift */; };
		4A72AB5E7A1E848B071EFD98 /* LaunchAtLogin in Frameworks */ = {isa = PBXBuildFile; productRef = B33BB73FF430F4D698304521 /* LaunchAtLogin */; };
		4DA18147B096FCF7C2973416 /* ChipBarView.swift in Sources */ = {isa = PBXBuildFile; fileRef = 20EE7734FD97FDE51DA389F0 /* ChipBarView.swift */; };
		5EEA1FE776D677FEEA3A0C62 /* PastelApp.swift in Sources */ = {isa = PBXBuildFile; fileRef = 3C93A57CFC2C8E44180B970A /* PastelApp.swift */; };
		61787566D6E9AF8D7887C7A4 /* SlidingPanel.swift in Sources */ = {isa = PBXBuildFile; fileRef = D83722A01CB31BC92398C942 /* SlidingPanel.swift */; };
		61FC3644E015576CBEB288A7 /* StatusPopoverView.swift in Sources */ = {isa = PBXBuildFile; fileRef = 71138AD30E90615916853DD4 /* StatusPopoverView.swift */; };
		6AF5D219C387B0CA3EF35ED8 /* ImageCardView.swift in Sources */ = {isa = PBXBuildFile; fileRef = 2F339BF74219A6B2629B2C42 /* ImageCardView.swift */; };
		8557CEFECB6460592724EA0E /* NSImage+Thumbnail.swift in Sources */ = {isa = PBXBuildFile; fileRef = A6234E0274B828B16C2A57EA /* NSImage+Thumbnail.swift */; };
		A1B2C3D4E5F60718293A4B6A /* PersistentIdentifier+Transfer.swift in Sources */ = {isa = PBXBuildFile; fileRef = A1B2C3D4E5F60718293A4B6B /* PersistentIdentifier+Transfer.swift */; };
		8991699CFB898E2E846DB670 /* URLCardView.swift in Sources */ = {isa = PBXBuildFile; fileRef = E931197AB3A47AD6193B9FF1 /* URLCardView.swift */; };
		9568A5C18B45B7183E87ABE3 /* AccessibilityService.swift in Sources */ = {isa = PBXBuildFile; fileRef = 71CA3F1D48AC3D60A2A1217B /* AccessibilityService.swift */; };
		97E8C96C50161A63AB0B871C /* PanelContentView.swift in Sources */ = {isa = PBXBuildFile; fileRef = A5FEF0FE3AC5B3076726EAEB /* PanelContentView.swift */; };
		9860CE67423A7F0C7A769D5B /* SearchFieldView.swift in Sources */ = {isa = PBXBuildFile; fileRef = E4BADC66322076CEB1E831B5 /* SearchFieldView.swift */; };
		F1A2B3C4D5E60718293A4B5C /* FocusableTextField.swift in Sources */ = {isa = PBXBuildFile; fileRef = F1A2B3C4D5E60718293A4B5D /* FocusableTextField.swift */; };
		A7B1C2D3E4F50617182930A1 /* ColorDetectionService.swift in Sources */ = {isa = PBXBuildFile; fileRef = A7B1C2D3E4F50617182930A2 /* ColorDetectionService.swift */; };
		A7B1C2D3E4F50617182930A3 /* CodeDetectionService.swift in Sources */ = {isa = PBXBuildFile; fileRef = A7B1C2D3E4F50617182930A4 /* CodeDetectionService.swift */; };
		A84BDBA4EE2E5EE99EEFDE1B /* ClipboardCardView.swift in Sources */ = {isa = PBXBuildFile; fileRef = 30EA2DC6C129FA8392D0E5CA /* ClipboardCardView.swift */; };
		ADCA1F7529C01BBB2D46CAAA /* FilteredCardListView.swift in Sources */ = {isa = PBXBuildFile; fileRef = 3E5CCEAC25DB293F9A16462A /* FilteredCardListView.swift */; };
		B0CFC974AD1AC32A0A15644C /* ContentType.swift in Sources */ = {isa = PBXBuildFile; fileRef = 2A06BBF36C8BBCBBB40C2522 /* ContentType.swift */; };
		B2B95FF2ABFFE29D25EAD8D0 /* ImageStorageService.swift in Sources */ = {isa = PBXBuildFile; fileRef = C04A5F38AA6B90C3CB6FCF12 /* ImageStorageService.swift */; };
		B5985155933EAAF6A59D0F45 /* Label.swift in Sources */ = {isa = PBXBuildFile; fileRef = 9C7F8E05C490820A909E5D51 /* Label.swift */; };
		B936EBEE374527897FA897DE /* KeyboardShortcuts in Frameworks */ = {isa = PBXBuildFile; productRef = A9A03DD46B1694F403E4ACF4 /* KeyboardShortcuts */; };
		BAE74603B44F4338BBDCD644 /* ScreenEdgePicker.swift in Sources */ = {isa = PBXBuildFile; fileRef = A48C40766989658A71731EFD /* ScreenEdgePicker.swift */; };
		C3D4E5F60718293A4B5C6D7E /* HighlightSwift in Frameworks */ = {isa = PBXBuildFile; productRef = C3D4E5F60718293A4B5C6D7F /* HighlightSwift */; };
		C5DDC68198250D3A003DB9D7 /* PanelEdge.swift in Sources */ = {isa = PBXBuildFile; fileRef = 76EB886434FC096E9A770705 /* PanelEdge.swift */; };
		C9DA10258BC9D50AC228BA4C /* LabelSettingsView.swift in Sources */ = {isa = PBXBuildFile; fileRef = 31E69FA6363380EEB64EF71E /* LabelSettingsView.swift */; };
		CB24B8C2681CF4B5F1AB5DC9 /* NSWorkspace+AppIcon.swift in Sources */ = {isa = PBXBuildFile; fileRef = 00804B3DBC5EB02EA738DEC2 /* NSWorkspace+AppIcon.swift */; };
		CE6733C3046F0F2A6AB00505 /* ExpirationService.swift in Sources */ = {isa = PBXBuildFile; fileRef = 5C923EFB4B78ABBB1E920841 /* ExpirationService.swift */; };
		D1A2B3C4E5F60718293A4B5C /* PasteBehavior.swift in Sources */ = {isa = PBXBuildFile; fileRef = A1B2C3D4E5F60718293A4B5D /* PasteBehavior.swift */; };
		D3022838FBC0C60D3B9FBCC9 /* Assets.xcassets in Resources */ = {isa = PBXBuildFile; fileRef = 7CA38A9FD4344A6EBC84615B /* Assets.xcassets */; };
		D4E5F6071829304B5C6D7E8F /* CodeCardView.swift in Sources */ = {isa = PBXBuildFile; fileRef = D4E5F6071829304B5C6D7E90 /* CodeCardView.swift */; };
		D6F7C0FF5984EC498B94BCC3 /* EmptyStateView.swift in Sources */ = {isa = PBXBuildFile; fileRef = B3C99DE2608198777D57CA9B /* EmptyStateView.swift */; };
		D784DF24180305D270E7DDED /* AppState.swift in Sources */ = {isa = PBXBuildFile; fileRef = 595BAEC04C890C9BF73C4F5D /* AppState.swift */; };
		DDCF0FD1BB56BC1907EBF1D3 /* NSPasteboard+Reading.swift in Sources */ = {isa = PBXBuildFile; fileRef = 1317D22929AB0FAE7702656B /* NSPasteboard+Reading.swift */; };
		E42B5A361ECF65BE3C4B1EF2 /* FileCardView.swift in Sources */ = {isa = PBXBuildFile; fileRef = 10FC617DD35144DF808D4822 /* FileCardView.swift */; };
		E5F6071829304B5C6D7E8FA1 /* ColorCardView.swift in Sources */ = {isa = PBXBuildFile; fileRef = E5F6071829304B5C6D7E8FA2 /* ColorCardView.swift */; };
		F8A1B2C3D4E50617182930B1 /* URLMetadataService.swift in Sources */ = {isa = PBXBuildFile; fileRef = F8A1B2C3D4E50617182930B2 /* URLMetadataService.swift */; };
		F8A1B2C3D4E50617182930C1 /* AppIconColorService.swift in Sources */ = {isa = PBXBuildFile; fileRef = F8A1B2C3D4E50617182930C2 /* AppIconColorService.swift */; };
		FAB729BD87018467E0979A52 /* SettingsView.swift in Sources */ = {isa = PBXBuildFile; fileRef = 543EE2EEFDD439C620E6A0A0 /* SettingsView.swift */; };
		FC28C1E1511F71298087486A /* PasteService.swift in Sources */ = {isa = PBXBuildFile; fileRef = 4B6F49C8E5B7C1C1C28BC17F /* PasteService.swift */; };
		FF2C5CE75C36A126A3782DF2 /* ClipboardMonitor.swift in Sources */ = {isa = PBXBuildFile; fileRef = 03E82EAEFFC6D30098BC07E9 /* ClipboardMonitor.swift */; };
/* End PBXBuildFile section */

/* Begin PBXFileReference section */
		00804B3DBC5EB02EA738DEC2 /* NSWorkspace+AppIcon.swift */ = {isa = PBXFileReference; lastKnownFileType = sourcecode.swift; path = "NSWorkspace+AppIcon.swift"; sourceTree = "<group>"; };
		03E82EAEFFC6D30098BC07E9 /* ClipboardMonitor.swift */ = {isa = PBXFileReference; lastKnownFileType = sourcecode.swift; path = ClipboardMonitor.swift; sourceTree = "<group>"; };
		10FC617DD35144DF808D4822 /* FileCardView.swift */ = {isa = PBXFileReference; lastKnownFileType = sourcecode.swift; path = FileCardView.swift; sourceTree = "<group>"; };
		1291C4BDF0D13A50048E2CAE /* AccessibilityPromptView.swift */ = {isa = PBXFileReference; lastKnownFileType = sourcecode.swift; path = AccessibilityPromptView.swift; sourceTree = "<group>"; };
		1317D22929AB0FAE7702656B /* NSPasteboard+Reading.swift */ = {isa = PBXFileReference; lastKnownFileType = sourcecode.swift; path = "NSPasteboard+Reading.swift"; sourceTree = "<group>"; };
		20EE7734FD97FDE51DA389F0 /* ChipBarView.swift */ = {isa = PBXFileReference; lastKnownFileType = sourcecode.swift; path = ChipBarView.swift; sourceTree = "<group>"; };
		2552B517F7D234BBB9E3FB05 /* Pastel.app */ = {isa = PBXFileReference; explicitFileType = wrapper.application; includeInIndex = 0; path = Pastel.app; sourceTree = BUILT_PRODUCTS_DIR; };
		2A06BBF36C8BBCBBB40C2522 /* ContentType.swift */ = {isa = PBXFileReference; lastKnownFileType = sourcecode.swift; path = ContentType.swift; sourceTree = "<group>"; };
		2F339BF74219A6B2629B2C42 /* ImageCardView.swift */ = {isa = PBXFileReference; lastKnownFileType = sourcecode.swift; path = ImageCardView.swift; sourceTree = "<group>"; };
		30EA2DC6C129FA8392D0E5CA /* ClipboardCardView.swift */ = {isa = PBXFileReference; lastKnownFileType = sourcecode.swift; path = ClipboardCardView.swift; sourceTree = "<group>"; };
		31E69FA6363380EEB64EF71E /* LabelSettingsView.swift */ = {isa = PBXFileReference; lastKnownFileType = sourcecode.swift; path = LabelSettingsView.swift; sourceTree = "<group>"; };
		3C93A57CFC2C8E44180B970A /* PastelApp.swift */ = {isa = PBXFileReference; lastKnownFileType = sourcecode.swift; path = PastelApp.swift; sourceTree = "<group>"; };
		3E5CCEAC25DB293F9A16462A /* FilteredCardListView.swift */ = {isa = PBXFileReference; lastKnownFileType = sourcecode.swift; path = FilteredCardListView.swift; sourceTree = "<group>"; };
		4B6F49C8E5B7C1C1C28BC17F /* PasteService.swift */ = {isa = PBXFileReference; lastKnownFileType = sourcecode.swift; path = PasteService.swift; sourceTree = "<group>"; };
		543EE2EEFDD439C620E6A0A0 /* SettingsView.swift */ = {isa = PBXFileReference; lastKnownFileType = sourcecode.swift; path = SettingsView.swift; sourceTree = "<group>"; };
		595BAEC04C890C9BF73C4F5D /* AppState.swift */ = {isa = PBXFileReference; lastKnownFileType = sourcecode.swift; path = AppState.swift; sourceTree = "<group>"; };
		59995DCA4628743D59C35FFA /* ClipboardItem.swift */ = {isa = PBXFileReference; lastKnownFileType = sourcecode.swift; path = ClipboardItem.swift; sourceTree = "<group>"; };
		5C923EFB4B78ABBB1E920841 /* ExpirationService.swift */ = {isa = PBXFileReference; lastKnownFileType = sourcecode.swift; path = ExpirationService.swift; sourceTree = "<group>"; };
		61A1A38C2FA151019789426E /* LabelColor.swift */ = {isa = PBXFileReference; lastKnownFileType = sourcecode.swift; path = LabelColor.swift; sourceTree = "<group>"; };
		71138AD30E90615916853DD4 /* StatusPopoverView.swift */ = {isa = PBXFileReference; lastKnownFileType = sourcecode.swift; path = StatusPopoverView.swift; sourceTree = "<group>"; };
		71CA3F1D48AC3D60A2A1217B /* AccessibilityService.swift */ = {isa = PBXFileReference; lastKnownFileType = sourcecode.swift; path = AccessibilityService.swift; sourceTree = "<group>"; };
		76EB886434FC096E9A770705 /* PanelEdge.swift */ = {isa = PBXFileReference; lastKnownFileType = sourcecode.swift; path = PanelEdge.swift; sourceTree = "<group>"; };
		7B6FC5171BA6D8C3F714E834 /* Info.plist */ = {isa = PBXFileReference; lastKnownFileType = text.plist; path = Info.plist; sourceTree = "<group>"; };
		7CA38A9FD4344A6EBC84615B /* Assets.xcassets */ = {isa = PBXFileReference; lastKnownFileType = folder.assetcatalog; path = Assets.xcassets; sourceTree = "<group>"; };
		9740741415D5FC006330A2D0 /* GeneralSettingsView.swift */ = {isa = PBXFileReference; lastKnownFileType = sourcecode.swift; path = GeneralSettingsView.swift; sourceTree = "<group>"; };
		9C7F8E05C490820A909E5D51 /* Label.swift */ = {isa = PBXFileReference; lastKnownFileType = sourcecode.swift; path = Label.swift; sourceTree = "<group>"; };
		A1B2C3D4E5F60718293A4B5D /* PasteBehavior.swift */ = {isa = PBXFileReference; lastKnownFileType = sourcecode.swift; path = PasteBehavior.swift; sourceTree = "<group>"; };
		A48C40766989658A71731EFD /* ScreenEdgePicker.swift */ = {isa = PBXFileReference; lastKnownFileType = sourcecode.swift; path = ScreenEdgePicker.swift; sourceTree = "<group>"; };
		A5FEF0FE3AC5B3076726EAEB /* PanelContentView.swift */ = {isa = PBXFileReference; lastKnownFileType = sourcecode.swift; path = PanelContentView.swift; sourceTree = "<group>"; };
		A1B2C3D4E5F60718293A4B6B /* PersistentIdentifier+Transfer.swift */ = {isa = PBXFileReference; lastKnownFileType = sourcecode.swift; path = "PersistentIdentifier+Transfer.swift"; sourceTree = "<group>"; };
		A6234E0274B828B16C2A57EA /* NSImage+Thumbnail.swift */ = {isa = PBXFileReference; lastKnownFileType = sourcecode.swift; path = "NSImage+Thumbnail.swift"; sourceTree = "<group>"; };
		A7B1C2D3E4F50617182930A2 /* ColorDetectionService.swift */ = {isa = PBXFileReference; lastKnownFileType = sourcecode.swift; path = ColorDetectionService.swift; sourceTree = "<group>"; };
		A7B1C2D3E4F50617182930A4 /* CodeDetectionService.swift */ = {isa = PBXFileReference; lastKnownFileType = sourcecode.swift; path = CodeDetectionService.swift; sourceTree = "<group>"; };
		ADA2DA3D25FB59CE37228411 /* RetentionService.swift */ = {isa = PBXFileReference; lastKnownFileType = sourcecode.swift; path = RetentionService.swift; sourceTree = "<group>"; };
		B34733392F372C5200F7E4D6 /* File.txt */ = {isa = PBXFileReference; lastKnownFileType = text; path = File.txt; sourceTree = "<group>"; };
		B3C99DE2608198777D57CA9B /* EmptyStateView.swift */ = {isa = PBXFileReference; lastKnownFileType = sourcecode.swift; path = EmptyStateView.swift; sourceTree = "<group>"; };
		C04A5F38AA6B90C3CB6FCF12 /* ImageStorageService.swift */ = {isa = PBXFileReference; lastKnownFileType = sourcecode.swift; path = ImageStorageService.swift; sourceTree = "<group>"; };
		D4E5F6071829304B5C6D7E90 /* CodeCardView.swift */ = {isa = PBXFileReference; lastKnownFileType = sourcecode.swift; path = CodeCardView.swift; sourceTree = "<group>"; };
		D83722A01CB31BC92398C942 /* SlidingPanel.swift */ = {isa = PBXFileReference; lastKnownFileType = sourcecode.swift; path = SlidingPanel.swift; sourceTree = "<group>"; };
		D9D50320FC5B6099D7C6B668 /* AsyncThumbnailView.swift */ = {isa = PBXFileReference; lastKnownFileType = sourcecode.swift; path = AsyncThumbnailView.swift; sourceTree = "<group>"; };
		DACD70AAF6888EBA275AC2BE /* Pastel.entitlements */ = {isa = PBXFileReference; lastKnownFileType = text.plist.entitlements; path = Pastel.entitlements; sourceTree = "<group>"; };
		E4BADC66322076CEB1E831B5 /* SearchFieldView.swift */ = {isa = PBXFileReference; lastKnownFileType = sourcecode.swift; path = SearchFieldView.swift; sourceTree = "<group>"; };
		F1A2B3C4D5E60718293A4B5D /* FocusableTextField.swift */ = {isa = PBXFileReference; lastKnownFileType = sourcecode.swift; path = FocusableTextField.swift; sourceTree = "<group>"; };
		E5F6071829304B5C6D7E8FA2 /* ColorCardView.swift */ = {isa = PBXFileReference; lastKnownFileType = sourcecode.swift; path = ColorCardView.swift; sourceTree = "<group>"; };
		E7628FEB0B879CD6BCCD59F6 /* TextCardView.swift */ = {isa = PBXFileReference; lastKnownFileType = sourcecode.swift; path = TextCardView.swift; sourceTree = "<group>"; };
		E7A89B1626914331B041874D /* PanelController.swift */ = {isa = PBXFileReference; lastKnownFileType = sourcecode.swift; path = PanelController.swift; sourceTree = "<group>"; };
		E931197AB3A47AD6193B9FF1 /* URLCardView.swift */ = {isa = PBXFileReference; lastKnownFileType = sourcecode.swift; path = URLCardView.swift; sourceTree = "<group>"; };
		F55BB63384017CEF138AB5BA /* SettingsWindowController.swift */ = {isa = PBXFileReference; lastKnownFileType = sourcecode.swift; path = SettingsWindowController.swift; sourceTree = "<group>"; };
		F8A1B2C3D4E50617182930B2 /* URLMetadataService.swift */ = {isa = PBXFileReference; lastKnownFileType = sourcecode.swift; path = URLMetadataService.swift; sourceTree = "<group>"; };
		F8A1B2C3D4E50617182930C2 /* AppIconColorService.swift */ = {isa = PBXFileReference; lastKnownFileType = sourcecode.swift; path = AppIconColorService.swift; sourceTree = "<group>"; };
/* End PBXFileReference section */

/* Begin PBXFrameworksBuildPhase section */
		23E0D0C9A555E2CDA93BE9F8 /* Frameworks */ = {
			isa = PBXFrameworksBuildPhase;
			buildActionMask = 2147483647;
			files = (
				C3D4E5F60718293A4B5C6D7E /* HighlightSwift in Frameworks */,
				B936EBEE374527897FA897DE /* KeyboardShortcuts in Frameworks */,
				4A72AB5E7A1E848B071EFD98 /* LaunchAtLogin in Frameworks */,
			);
			runOnlyForDeploymentPostprocessing = 0;
		};
/* End PBXFrameworksBuildPhase section */

/* Begin PBXGroup section */
		1BF3AC637CA16B404F16B997 /* Extensions */ = {
			isa = PBXGroup;
			children = (
				A6234E0274B828B16C2A57EA /* NSImage+Thumbnail.swift */,
				1317D22929AB0FAE7702656B /* NSPasteboard+Reading.swift */,
				00804B3DBC5EB02EA738DEC2 /* NSWorkspace+AppIcon.swift */,
				A1B2C3D4E5F60718293A4B6B /* PersistentIdentifier+Transfer.swift */,
			);
			path = Extensions;
			sourceTree = "<group>";
		};
		30EED9749D37C7494D15472B /* App */ = {
			isa = PBXGroup;
			children = (
				595BAEC04C890C9BF73C4F5D /* AppState.swift */,
			);
			path = App;
			sourceTree = "<group>";
		};
		3809518B1666FC84229BE661 /* Views */ = {
			isa = PBXGroup;
			children = (
				EF7C09501060152172C163BE /* MenuBar */,
				CDEBFEDA9AB23D03C164B86E /* Onboarding */,
				9940209CA2508F6CCD37AC84 /* Panel */,
				56B48783D74C66160C3B8AAC /* Settings */,
			);
			path = Views;
			sourceTree = "<group>";
		};
		53D19856B37F2D8570BF9454 /* Products */ = {
			isa = PBXGroup;
			children = (
				2552B517F7D234BBB9E3FB05 /* Pastel.app */,
			);
			name = Products;
			sourceTree = "<group>";
		};
		56B48783D74C66160C3B8AAC /* Settings */ = {
			isa = PBXGroup;
			children = (
				9740741415D5FC006330A2D0 /* GeneralSettingsView.swift */,
				31E69FA6363380EEB64EF71E /* LabelSettingsView.swift */,
				A48C40766989658A71731EFD /* ScreenEdgePicker.swift */,
				543EE2EEFDD439C620E6A0A0 /* SettingsView.swift */,
				F55BB63384017CEF138AB5BA /* SettingsWindowController.swift */,
			);
			path = Settings;
			sourceTree = "<group>";
		};
		6E55F44C11228E5D5024D642 /* Models */ = {
			isa = PBXGroup;
			children = (
				59995DCA4628743D59C35FFA /* ClipboardItem.swift */,
				2A06BBF36C8BBCBBB40C2522 /* ContentType.swift */,
				9C7F8E05C490820A909E5D51 /* Label.swift */,
				61A1A38C2FA151019789426E /* LabelColor.swift */,
				76EB886434FC096E9A770705 /* PanelEdge.swift */,
				A1B2C3D4E5F60718293A4B5D /* PasteBehavior.swift */,
			);
			path = Models;
			sourceTree = "<group>";
		};
		79641C962CBFF8232A9CA01F /* Services */ = {
			isa = PBXGroup;
			children = (
				71CA3F1D48AC3D60A2A1217B /* AccessibilityService.swift */,
				03E82EAEFFC6D30098BC07E9 /* ClipboardMonitor.swift */,
				A7B1C2D3E4F50617182930A4 /* CodeDetectionService.swift */,
				A7B1C2D3E4F50617182930A2 /* ColorDetectionService.swift */,
				5C923EFB4B78ABBB1E920841 /* ExpirationService.swift */,
				C04A5F38AA6B90C3CB6FCF12 /* ImageStorageService.swift */,
				4B6F49C8E5B7C1C1C28BC17F /* PasteService.swift */,
				ADA2DA3D25FB59CE37228411 /* RetentionService.swift */,
				F8A1B2C3D4E50617182930B2 /* URLMetadataService.swift */,
				F8A1B2C3D4E50617182930C2 /* AppIconColorService.swift */,
			);
			path = Services;
			sourceTree = "<group>";
		};
		83FDC90341B64E538871412F = {
			isa = PBXGroup;
			children = (
				BEFAA58F39B09CC1253CF29E /* Pastel */,
				53D19856B37F2D8570BF9454 /* Products */,
				B34733392F372C5200F7E4D6 /* File.txt */,
			);
			sourceTree = "<group>";
		};
		9940209CA2508F6CCD37AC84 /* Panel */ = {
			isa = PBXGroup;
			children = (
				D9D50320FC5B6099D7C6B668 /* AsyncThumbnailView.swift */,
				20EE7734FD97FDE51DA389F0 /* ChipBarView.swift */,
				30EA2DC6C129FA8392D0E5CA /* ClipboardCardView.swift */,
				D4E5F6071829304B5C6D7E90 /* CodeCardView.swift */,
				E5F6071829304B5C6D7E8FA2 /* ColorCardView.swift */,
				B3C99DE2608198777D57CA9B /* EmptyStateView.swift */,
				10FC617DD35144DF808D4822 /* FileCardView.swift */,
				3E5CCEAC25DB293F9A16462A /* FilteredCardListView.swift */,
				2F339BF74219A6B2629B2C42 /* ImageCardView.swift */,
				A5FEF0FE3AC5B3076726EAEB /* PanelContentView.swift */,
				E7A89B1626914331B041874D /* PanelController.swift */,
				F1A2B3C4D5E60718293A4B5D /* FocusableTextField.swift */,
				E4BADC66322076CEB1E831B5 /* SearchFieldView.swift */,
				D83722A01CB31BC92398C942 /* SlidingPanel.swift */,
				E7628FEB0B879CD6BCCD59F6 /* TextCardView.swift */,
				E931197AB3A47AD6193B9FF1 /* URLCardView.swift */,
			);
			path = Panel;
			sourceTree = "<group>";
		};
		BEFAA58F39B09CC1253CF29E /* Pastel */ = {
			isa = PBXGroup;
			children = (
				3C93A57CFC2C8E44180B970A /* PastelApp.swift */,
				30EED9749D37C7494D15472B /* App */,
				1BF3AC637CA16B404F16B997 /* Extensions */,
				6E55F44C11228E5D5024D642 /* Models */,
				E4B1817BA76CB1FB621B6ABE /* Resources */,
				79641C962CBFF8232A9CA01F /* Services */,
				3809518B1666FC84229BE661 /* Views */,
			);
			path = Pastel;
			sourceTree = "<group>";
		};
		CDEBFEDA9AB23D03C164B86E /* Onboarding */ = {
			isa = PBXGroup;
			children = (
				1291C4BDF0D13A50048E2CAE /* AccessibilityPromptView.swift */,
			);
			path = Onboarding;
			sourceTree = "<group>";
		};
		E4B1817BA76CB1FB621B6ABE /* Resources */ = {
			isa = PBXGroup;
			children = (
				7CA38A9FD4344A6EBC84615B /* Assets.xcassets */,
				7B6FC5171BA6D8C3F714E834 /* Info.plist */,
				DACD70AAF6888EBA275AC2BE /* Pastel.entitlements */,
			);
			path = Resources;
			sourceTree = "<group>";
		};
		EF7C09501060152172C163BE /* MenuBar */ = {
			isa = PBXGroup;
			children = (
				71138AD30E90615916853DD4 /* StatusPopoverView.swift */,
			);
			path = MenuBar;
			sourceTree = "<group>";
		};
/* End PBXGroup section */

/* Begin PBXNativeTarget section */
		8EBF09BA40104D6CB43A961F /* Pastel */ = {
			isa = PBXNativeTarget;
			buildConfigurationList = 2A8FEF64CF15070A564B8B5E /* Build configuration list for PBXNativeTarget "Pastel" */;
			buildPhases = (
				CFC9BE05F2B5543679DC7E52 /* Sources */,
				8F8F46F73644967BE391FF51 /* Resources */,
				23E0D0C9A555E2CDA93BE9F8 /* Frameworks */,
			);
			buildRules = (
			);
			dependencies = (
			);
			name = Pastel;
			packageProductDependencies = (
				C3D4E5F60718293A4B5C6D7F /* HighlightSwift */,
				A9A03DD46B1694F403E4ACF4 /* KeyboardShortcuts */,
				B33BB73FF430F4D698304521 /* LaunchAtLogin */,
			);
			productName = Pastel;
			productReference = 2552B517F7D234BBB9E3FB05 /* Pastel.app */;
			productType = "com.apple.product-type.application";
		};
/* End PBXNativeTarget section */

/* Begin PBXProject section */
		335F9FED3D4CC60DE265A1A5 /* Project object */ = {
			isa = PBXProject;
			attributes = {
				BuildIndependentTargetsInParallel = YES;
				LastUpgradeCheck = 1600;
				TargetAttributes = {
					8EBF09BA40104D6CB43A961F = {
						DevelopmentTeam = QLSJ39DRSH;
						ProvisioningStyle = Automatic;
					};
				};
			};
			buildConfigurationList = 5A8B1C26A723555E9D7D5F1F /* Build configuration list for PBXProject "Pastel" */;
			compatibilityVersion = "Xcode 14.0";
			developmentRegion = en;
			hasScannedForEncodings = 0;
			knownRegions = (
				Base,
				en,
			);
			mainGroup = 83FDC90341B64E538871412F;
			minimizedProjectReferenceProxies = 1;
			packageReferences = (
				E5F60718293A4B5C6D7E8FA0 /* XCRemoteSwiftPackageReference "HighlightSwift" */,
				6D088F3E7D49E387347AE545 /* XCRemoteSwiftPackageReference "KeyboardShortcuts" */,
				B8552B06DA78E00BFB0CFA7A /* XCRemoteSwiftPackageReference "LaunchAtLogin-Modern" */,
			);
			projectDirPath = "";
			projectRoot = "";
			targets = (
				8EBF09BA40104D6CB43A961F /* Pastel */,
			);
		};
/* End PBXProject section */

/* Begin PBXResourcesBuildPhase section */
		8F8F46F73644967BE391FF51 /* Resources */ = {
			isa = PBXResourcesBuildPhase;
			buildActionMask = 2147483647;
			files = (
				D3022838FBC0C60D3B9FBCC9 /* Assets.xcassets in Resources */,
			);
			runOnlyForDeploymentPostprocessing = 0;
		};
/* End PBXResourcesBuildPhase section */

/* Begin PBXSourcesBuildPhase section */
		CFC9BE05F2B5543679DC7E52 /* Sources */ = {
			isa = PBXSourcesBuildPhase;
			buildActionMask = 2147483647;
			files = (
				0E86EEAF47C438D35E602BE4 /* AccessibilityPromptView.swift in Sources */,
				9568A5C18B45B7183E87ABE3 /* AccessibilityService.swift in Sources */,
				D784DF24180305D270E7DDED /* AppState.swift in Sources */,
				1FF817C58BBCAC1F6A6DA2DD /* AsyncThumbnailView.swift in Sources */,
				4DA18147B096FCF7C2973416 /* ChipBarView.swift in Sources */,
				A84BDBA4EE2E5EE99EEFDE1B /* ClipboardCardView.swift in Sources */,
				04769AF24E5670F5A628D811 /* ClipboardItem.swift in Sources */,
				FF2C5CE75C36A126A3782DF2 /* ClipboardMonitor.swift in Sources */,
				D4E5F6071829304B5C6D7E8F /* CodeCardView.swift in Sources */,
				E5F6071829304B5C6D7E8FA1 /* ColorCardView.swift in Sources */,
				A7B1C2D3E4F50617182930A3 /* CodeDetectionService.swift in Sources */,
				A7B1C2D3E4F50617182930A1 /* ColorDetectionService.swift in Sources */,
				B0CFC974AD1AC32A0A15644C /* ContentType.swift in Sources */,
				D6F7C0FF5984EC498B94BCC3 /* EmptyStateView.swift in Sources */,
				CE6733C3046F0F2A6AB00505 /* ExpirationService.swift in Sources */,
				E42B5A361ECF65BE3C4B1EF2 /* FileCardView.swift in Sources */,
				ADCA1F7529C01BBB2D46CAAA /* FilteredCardListView.swift in Sources */,
				3E3278B3308A5ABB2B39E74B /* GeneralSettingsView.swift in Sources */,
				6AF5D219C387B0CA3EF35ED8 /* ImageCardView.swift in Sources */,
				B2B95FF2ABFFE29D25EAD8D0 /* ImageStorageService.swift in Sources */,
				B5985155933EAAF6A59D0F45 /* Label.swift in Sources */,
				0718766F684C890B0D3CC008 /* LabelColor.swift in Sources */,
				C9DA10258BC9D50AC228BA4C /* LabelSettingsView.swift in Sources */,
				8557CEFECB6460592724EA0E /* NSImage+Thumbnail.swift in Sources */,
				DDCF0FD1BB56BC1907EBF1D3 /* NSPasteboard+Reading.swift in Sources */,
				CB24B8C2681CF4B5F1AB5DC9 /* NSWorkspace+AppIcon.swift in Sources */,
				A1B2C3D4E5F60718293A4B6A /* PersistentIdentifier+Transfer.swift in Sources */,
				97E8C96C50161A63AB0B871C /* PanelContentView.swift in Sources */,
				35B2B78C88F753B2D19BB929 /* PanelController.swift in Sources */,
				C5DDC68198250D3A003DB9D7 /* PanelEdge.swift in Sources */,
				D1A2B3C4E5F60718293A4B5C /* PasteBehavior.swift in Sources */,
				FC28C1E1511F71298087486A /* PasteService.swift in Sources */,
				5EEA1FE776D677FEEA3A0C62 /* PastelApp.swift in Sources */,
				2103A21B8C8E7C2FCD20019E /* RetentionService.swift in Sources */,
				BAE74603B44F4338BBDCD644 /* ScreenEdgePicker.swift in Sources */,
				F1A2B3C4D5E60718293A4B5C /* FocusableTextField.swift in Sources */,
				9860CE67423A7F0C7A769D5B /* SearchFieldView.swift in Sources */,
				FAB729BD87018467E0979A52 /* SettingsView.swift in Sources */,
				1B8747A27E4A24B8EC0C06E2 /* SettingsWindowController.swift in Sources */,
				61787566D6E9AF8D7887C7A4 /* SlidingPanel.swift in Sources */,
				61FC3644E015576CBEB288A7 /* StatusPopoverView.swift in Sources */,
				3ADFAC504957D459F381AFB2 /* TextCardView.swift in Sources */,
				F8A1B2C3D4E50617182930B1 /* URLMetadataService.swift in Sources */,
				F8A1B2C3D4E50617182930C1 /* AppIconColorService.swift in Sources */,
				8991699CFB898E2E846DB670 /* URLCardView.swift in Sources */,
			);
			runOnlyForDeploymentPostprocessing = 0;
		};
/* End PBXSourcesBuildPhase section */

/* Begin XCBuildConfiguration section */
		0BFB465F711782BF6D39DE09 /* Release */ = {
			isa = XCBuildConfiguration;
			buildSettings = {
				ASSETCATALOG_COMPILER_APPICON_NAME = AppIcon;
				CODE_SIGN_ENTITLEMENTS = Pastel/Resources/Pastel.entitlements;
				CODE_SIGN_IDENTITY = "Apple Development";
				CODE_SIGN_STYLE = Automatic;
				COMBINE_HIDPI_IMAGES = YES;
				CURRENT_PROJECT_VERSION = 1;
				DEVELOPMENT_TEAM = QLSJ39DRSH;
				ENABLE_USER_SCRIPT_SANDBOXING = NO;
				GENERATE_INFOPLIST_FILE = NO;
				INFOPLIST_FILE = Pastel/Resources/Info.plist;
				LD_RUNPATH_SEARCH_PATHS = (
					"$(inherited)",
					"@executable_path/../Frameworks",
				);
				MARKETING_VERSION = 0.1.0;
				PRODUCT_BUNDLE_IDENTIFIER = app.pastel.Pastel;
				SDKROOT = macosx;
				SWIFT_VERSION = 6.0;
			};
			name = Release;
		};
		469C31C43047930E08E6A6BA /* Release */ = {
			isa = XCBuildConfiguration;
			buildSettings = {
				ALWAYS_SEARCH_USER_PATHS = NO;
				CLANG_ANALYZER_NONNULL = YES;
				CLANG_ANALYZER_NUMBER_OBJECT_CONVERSION = YES_AGGRESSIVE;
				CLANG_CXX_LANGUAGE_STANDARD = "gnu++14";
				CLANG_CXX_LIBRARY = "libc++";
				CLANG_ENABLE_MODULES = YES;
				CLANG_ENABLE_OBJC_ARC = YES;
				CLANG_ENABLE_OBJC_WEAK = YES;
				CLANG_WARN_BLOCK_CAPTURE_AUTORELEASING = YES;
				CLANG_WARN_BOOL_CONVERSION = YES;
				CLANG_WARN_COMMA = YES;
				CLANG_WARN_CONSTANT_CONVERSION = YES;
				CLANG_WARN_DEPRECATED_OBJC_IMPLEMENTATIONS = YES;
				CLANG_WARN_DIRECT_OBJC_ISA_USAGE = YES_ERROR;
				CLANG_WARN_DOCUMENTATION_COMMENTS = YES;
				CLANG_WARN_EMPTY_BODY = YES;
				CLANG_WARN_ENUM_CONVERSION = YES;
				CLANG_WARN_INFINITE_RECURSION = YES;
				CLANG_WARN_INT_CONVERSION = YES;
				CLANG_WARN_NON_LITERAL_NULL_CONVERSION = YES;
				CLANG_WARN_OBJC_IMPLICIT_RETAIN_SELF = YES;
				CLANG_WARN_OBJC_LITERAL_CONVERSION = YES;
				CLANG_WARN_OBJC_ROOT_CLASS = YES_ERROR;
				CLANG_WARN_QUOTED_INCLUDE_IN_FRAMEWORK_HEADER = YES;
				CLANG_WARN_RANGE_LOOP_ANALYSIS = YES;
				CLANG_WARN_STRICT_PROTOTYPES = YES;
				CLANG_WARN_SUSPICIOUS_MOVE = YES;
				CLANG_WARN_UNGUARDED_AVAILABILITY = YES_AGGRESSIVE;
				CLANG_WARN_UNREACHABLE_CODE = YES;
				CLANG_WARN__DUPLICATE_METHOD_MATCH = YES;
				COPY_PHASE_STRIP = NO;
				DEBUG_INFORMATION_FORMAT = "dwarf-with-dsym";
				ENABLE_NS_ASSERTIONS = NO;
				ENABLE_STRICT_OBJC_MSGSEND = YES;
				GCC_C_LANGUAGE_STANDARD = gnu11;
				GCC_NO_COMMON_BLOCKS = YES;
				GCC_WARN_64_TO_32_BIT_CONVERSION = YES;
				GCC_WARN_ABOUT_RETURN_TYPE = YES_ERROR;
				GCC_WARN_UNDECLARED_SELECTOR = YES;
				GCC_WARN_UNINITIALIZED_AUTOS = YES_AGGRESSIVE;
				GCC_WARN_UNUSED_FUNCTION = YES;
				GCC_WARN_UNUSED_VARIABLE = YES;
				MACOSX_DEPLOYMENT_TARGET = 14.0;
				MTL_ENABLE_DEBUG_INFO = NO;
				MTL_FAST_MATH = YES;
				PRODUCT_NAME = "$(TARGET_NAME)";
				SDKROOT = macosx;
				SWIFT_COMPILATION_MODE = wholemodule;
				SWIFT_OPTIMIZATION_LEVEL = "-O";
				SWIFT_VERSION = 5.0;
			};
			name = Release;
		};
		4D34B74F36CB3664F9B31D03 /* Debug */ = {
			isa = XCBuildConfiguration;
			buildSettings = {
				ASSETCATALOG_COMPILER_APPICON_NAME = AppIcon;
				CODE_SIGN_ENTITLEMENTS = Pastel/Resources/Pastel.entitlements;
				CODE_SIGN_IDENTITY = "Apple Development";
				CODE_SIGN_STYLE = Automatic;
				COMBINE_HIDPI_IMAGES = YES;
				CURRENT_PROJECT_VERSION = 1;
				DEVELOPMENT_TEAM = QLSJ39DRSH;
				ENABLE_USER_SCRIPT_SANDBOXING = NO;
				GENERATE_INFOPLIST_FILE = NO;
				INFOPLIST_FILE = Pastel/Resources/Info.plist;
				LD_RUNPATH_SEARCH_PATHS = (
					"$(inherited)",
					"@executable_path/../Frameworks",
				);
				MARKETING_VERSION = 0.1.0;
				PRODUCT_BUNDLE_IDENTIFIER = app.pastel.Pastel;
				SDKROOT = macosx;
				SWIFT_VERSION = 6.0;
			};
			name = Debug;
		};
		BC576749034C8B29EE3A8D58 /* Debug */ = {
			isa = XCBuildConfiguration;
			buildSettings = {
				ALWAYS_SEARCH_USER_PATHS = NO;
				CLANG_ANALYZER_NONNULL = YES;
				CLANG_ANALYZER_NUMBER_OBJECT_CONVERSION = YES_AGGRESSIVE;
				CLANG_CXX_LANGUAGE_STANDARD = "gnu++14";
				CLANG_CXX_LIBRARY = "libc++";
				CLANG_ENABLE_MODULES = YES;
				CLANG_ENABLE_OBJC_ARC = YES;
				CLANG_ENABLE_OBJC_WEAK = YES;
				CLANG_WARN_BLOCK_CAPTURE_AUTORELEASING = YES;
				CLANG_WARN_BOOL_CONVERSION = YES;
				CLANG_WARN_COMMA = YES;
				CLANG_WARN_CONSTANT_CONVERSION = YES;
				CLANG_WARN_DEPRECATED_OBJC_IMPLEMENTATIONS = YES;
				CLANG_WARN_DIRECT_OBJC_ISA_USAGE = YES_ERROR;
				CLANG_WARN_DOCUMENTATION_COMMENTS = YES;
				CLANG_WARN_EMPTY_BODY = YES;
				CLANG_WARN_ENUM_CONVERSION = YES;
				CLANG_WARN_INFINITE_RECURSION = YES;
				CLANG_WARN_INT_CONVERSION = YES;
				CLANG_WARN_NON_LITERAL_NULL_CONVERSION = YES;
				CLANG_WARN_OBJC_IMPLICIT_RETAIN_SELF = YES;
				CLANG_WARN_OBJC_LITERAL_CONVERSION = YES;
				CLANG_WARN_OBJC_ROOT_CLASS = YES_ERROR;
				CLANG_WARN_QUOTED_INCLUDE_IN_FRAMEWORK_HEADER = YES;
				CLANG_WARN_RANGE_LOOP_ANALYSIS = YES;
				CLANG_WARN_STRICT_PROTOTYPES = YES;
				CLANG_WARN_SUSPICIOUS_MOVE = YES;
				CLANG_WARN_UNGUARDED_AVAILABILITY = YES_AGGRESSIVE;
				CLANG_WARN_UNREACHABLE_CODE = YES;
				CLANG_WARN__DUPLICATE_METHOD_MATCH = YES;
				COPY_PHASE_STRIP = NO;
				DEBUG_INFORMATION_FORMAT = dwarf;
				ENABLE_STRICT_OBJC_MSGSEND = YES;
				ENABLE_TESTABILITY = YES;
				GCC_C_LANGUAGE_STANDARD = gnu11;
				GCC_DYNAMIC_NO_PIC = NO;
				GCC_NO_COMMON_BLOCKS = YES;
				GCC_OPTIMIZATION_LEVEL = 0;
				GCC_PREPROCESSOR_DEFINITIONS = (
					"$(inherited)",
					"DEBUG=1",
				);
				GCC_WARN_64_TO_32_BIT_CONVERSION = YES;
				GCC_WARN_ABOUT_RETURN_TYPE = YES_ERROR;
				GCC_WARN_UNDECLARED_SELECTOR = YES;
				GCC_WARN_UNINITIALIZED_AUTOS = YES_AGGRESSIVE;
				GCC_WARN_UNUSED_FUNCTION = YES;
				GCC_WARN_UNUSED_VARIABLE = YES;
				MACOSX_DEPLOYMENT_TARGET = 14.0;
				MTL_ENABLE_DEBUG_INFO = INCLUDE_SOURCE;
				MTL_FAST_MATH = YES;
				ONLY_ACTIVE_ARCH = YES;
				PRODUCT_NAME = "$(TARGET_NAME)";
				SDKROOT = macosx;
				SWIFT_ACTIVE_COMPILATION_CONDITIONS = DEBUG;
				SWIFT_OPTIMIZATION_LEVEL = "-Onone";
				SWIFT_VERSION = 5.0;
			};
			name = Debug;
		};
/* End XCBuildConfiguration section */

/* Begin XCConfigurationList section */
		2A8FEF64CF15070A564B8B5E /* Build configuration list for PBXNativeTarget "Pastel" */ = {
			isa = XCConfigurationList;
			buildConfigurations = (
				4D34B74F36CB3664F9B31D03 /* Debug */,
				0BFB465F711782BF6D39DE09 /* Release */,
			);
			defaultConfigurationIsVisible = 0;
			defaultConfigurationName = Debug;
		};
		5A8B1C26A723555E9D7D5F1F /* Build configuration list for PBXProject "Pastel" */ = {
			isa = XCConfigurationList;
			buildConfigurations = (
				BC576749034C8B29EE3A8D58 /* Debug */,
				469C31C43047930E08E6A6BA /* Release */,
			);
			defaultConfigurationIsVisible = 0;
			defaultConfigurationName = Debug;
		};
/* End XCConfigurationList section */

/* Begin XCRemoteSwiftPackageReference section */
		6D088F3E7D49E387347AE545 /* XCRemoteSwiftPackageReference "KeyboardShortcuts" */ = {
			isa = XCRemoteSwiftPackageReference;
			repositoryURL = "https://github.com/sindresorhus/KeyboardShortcuts";
			requirement = {
				kind = upToNextMajorVersion;
				minimumVersion = 2.4.0;
			};
		};
		B8552B06DA78E00BFB0CFA7A /* XCRemoteSwiftPackageReference "LaunchAtLogin-Modern" */ = {
			isa = XCRemoteSwiftPackageReference;
			repositoryURL = "https://github.com/sindresorhus/LaunchAtLogin-Modern";
			requirement = {
				kind = upToNextMajorVersion;
				minimumVersion = 1.1.0;
			};
		};
		E5F60718293A4B5C6D7E8FA0 /* XCRemoteSwiftPackageReference "HighlightSwift" */ = {
			isa = XCRemoteSwiftPackageReference;
			repositoryURL = "https://github.com/appstefan/HighlightSwift.git";
			requirement = {
				kind = upToNextMajorVersion;
				minimumVersion = 1.1.0;
			};
		};
/* End XCRemoteSwiftPackageReference section */

/* Begin XCSwiftPackageProductDependency section */
		A9A03DD46B1694F403E4ACF4 /* KeyboardShortcuts */ = {
			isa = XCSwiftPackageProductDependency;
			package = 6D088F3E7D49E387347AE545 /* XCRemoteSwiftPackageReference "KeyboardShortcuts" */;
			productName = KeyboardShortcuts;
		};
		B33BB73FF430F4D698304521 /* LaunchAtLogin */ = {
			isa = XCSwiftPackageProductDependency;
			package = B8552B06DA78E00BFB0CFA7A /* XCRemoteSwiftPackageReference "LaunchAtLogin-Modern" */;
			productName = LaunchAtLogin;
		};
		C3D4E5F60718293A4B5C6D7F /* HighlightSwift */ = {
			isa = XCSwiftPackageProductDependency;
			package = E5F60718293A4B5C6D7E8FA0 /* XCRemoteSwiftPackageReference "HighlightSwift" */;
			productName = HighlightSwift;
		};
/* End XCSwiftPackageProductDependency section */
	};
	rootObject = 335F9FED3D4CC60DE265A1A5 /* Project object */;
}
